// !$*UTF8*$!
{
	archiveVersion = 1;
	classes = {
	};
	objectVersion = 46;
	objects = {

/* Begin PBXBuildFile section */
		DA164F001C59FD0D00800F8C /* Localizable.strings in Resources */ = {isa = PBXBuildFile; fileRef = DA164F021C59FD0D00800F8C /* Localizable.strings */; };
		DAD7AE481C5755E70037C91C /* WebViewController.swift in Sources */ = {isa = PBXBuildFile; fileRef = DAD7AE471C5755E70037C91C /* WebViewController.swift */; };
		DAE91C2C1C4F635300345541 /* AppDelegate.swift in Sources */ = {isa = PBXBuildFile; fileRef = DAE91C2B1C4F635300345541 /* AppDelegate.swift */; };
		DAE91C311C4F635300345541 /* Main.storyboard in Resources */ = {isa = PBXBuildFile; fileRef = DAE91C2F1C4F635300345541 /* Main.storyboard */; };
		DAE91C331C4F635300345541 /* Assets.xcassets in Resources */ = {isa = PBXBuildFile; fileRef = DAE91C321C4F635300345541 /* Assets.xcassets */; };
		DAE91C361C4F635300345541 /* LaunchScreen.storyboard in Resources */ = {isa = PBXBuildFile; fileRef = DAE91C341C4F635300345541 /* LaunchScreen.storyboard */; };
		DAE91C411C4F635300345541 /* WorldTrotterTests.swift in Sources */ = {isa = PBXBuildFile; fileRef = DAE91C401C4F635300345541 /* WorldTrotterTests.swift */; };
		DAE91C4C1C4F635300345541 /* WorldTrotterUITests.swift in Sources */ = {isa = PBXBuildFile; fileRef = DAE91C4B1C4F635300345541 /* WorldTrotterUITests.swift */; };
		DAE91C5E1C52056700345541 /* ConversionViewController.swift in Sources */ = {isa = PBXBuildFile; fileRef = DAE91C5D1C52056700345541 /* ConversionViewController.swift */; };
		DAE91C601C536B5A00345541 /* MapKit.framework in Frameworks */ = {isa = PBXBuildFile; fileRef = DAE91C5F1C536B5A00345541 /* MapKit.framework */; };
		DAE91C621C53717200345541 /* MapViewController.swift in Sources */ = {isa = PBXBuildFile; fileRef = DAE91C611C53717200345541 /* MapViewController.swift */; };
/* End PBXBuildFile section */

/* Begin PBXContainerItemProxy section */
		DAE91C3D1C4F635300345541 /* PBXContainerItemProxy */ = {
			isa = PBXContainerItemProxy;
			containerPortal = DAE91C201C4F635300345541 /* Project object */;
			proxyType = 1;
			remoteGlobalIDString = DAE91C271C4F635300345541;
			remoteInfo = WorldTrotter;
		};
		DAE91C481C4F635300345541 /* PBXContainerItemProxy */ = {
			isa = PBXContainerItemProxy;
			containerPortal = DAE91C201C4F635300345541 /* Project object */;
			proxyType = 1;
			remoteGlobalIDString = DAE91C271C4F635300345541;
			remoteInfo = WorldTrotter;
		};
/* End PBXContainerItemProxy section */

/* Begin PBXFileReference section */
		DA164F011C59FD0D00800F8C /* Base */ = {isa = PBXFileReference; lastKnownFileType = text.plist.strings; name = Base; path = Base.lproj/Localizable.strings; sourceTree = "<group>"; };
		DA164F031C59FD1200800F8C /* en */ = {isa = PBXFileReference; lastKnownFileType = text.plist.strings; name = en; path = en.lproj/Localizable.strings; sourceTree = "<group>"; };
		DA164F041C59FD1300800F8C /* es */ = {isa = PBXFileReference; lastKnownFileType = text.plist.strings; name = es; path = es.lproj/Localizable.strings; sourceTree = "<group>"; };
		DA164F051C59FE1100800F8C /* fr */ = {isa = PBXFileReference; lastKnownFileType = text.plist.strings; name = fr; path = fr.lproj/Main.strings; sourceTree = "<group>"; };
		DA164F061C59FE1100800F8C /* fr */ = {isa = PBXFileReference; lastKnownFileType = text.plist.strings; name = fr; path = fr.lproj/Localizable.strings; sourceTree = "<group>"; };
		DAD7AE471C5755E70037C91C /* WebViewController.swift */ = {isa = PBXFileReference; fileEncoding = 4; lastKnownFileType = sourcecode.swift; path = WebViewController.swift; sourceTree = "<group>"; };
		DAD7AE4A1C59F3FE0037C91C /* en */ = {isa = PBXFileReference; lastKnownFileType = text.plist.strings; name = en; path = en.lproj/Main.strings; sourceTree = "<group>"; };
		DAD7AE4B1C59F4E10037C91C /* es */ = {isa = PBXFileReference; lastKnownFileType = text.plist.strings; name = es; path = es.lproj/Main.strings; sourceTree = "<group>"; };
		DAE91C281C4F635300345541 /* WorldTrotter.app */ = {isa = PBXFileReference; explicitFileType = wrapper.application; includeInIndex = 0; path = WorldTrotter.app; sourceTree = BUILT_PRODUCTS_DIR; };
		DAE91C2B1C4F635300345541 /* AppDelegate.swift */ = {isa = PBXFileReference; lastKnownFileType = sourcecode.swift; path = AppDelegate.swift; sourceTree = "<group>"; };
		DAE91C301C4F635300345541 /* Base */ = {isa = PBXFileReference; lastKnownFileType = file.storyboard; name = Base; path = Base.lproj/Main.storyboard; sourceTree = "<group>"; };
		DAE91C321C4F635300345541 /* Assets.xcassets */ = {isa = PBXFileReference; lastKnownFileType = folder.assetcatalog; path = Assets.xcassets; sourceTree = "<group>"; };
		DAE91C351C4F635300345541 /* Base */ = {isa = PBXFileReference; lastKnownFileType = file.storyboard; name = Base; path = Base.lproj/LaunchScreen.storyboard; sourceTree = "<group>"; };
		DAE91C371C4F635300345541 /* Info.plist */ = {isa = PBXFileReference; lastKnownFileType = text.plist.xml; path = Info.plist; sourceTree = "<group>"; };
		DAE91C3C1C4F635300345541 /* WorldTrotterTests.xctest */ = {isa = PBXFileReference; explicitFileType = wrapper.cfbundle; includeInIndex = 0; path = WorldTrotterTests.xctest; sourceTree = BUILT_PRODUCTS_DIR; };
		DAE91C401C4F635300345541 /* WorldTrotterTests.swift */ = {isa = PBXFileReference; lastKnownFileType = sourcecode.swift; path = WorldTrotterTests.swift; sourceTree = "<group>"; };
		DAE91C421C4F635300345541 /* Info.plist */ = {isa = PBXFileReference; lastKnownFileType = text.plist.xml; path = Info.plist; sourceTree = "<group>"; };
		DAE91C471C4F635300345541 /* WorldTrotterUITests.xctest */ = {isa = PBXFileReference; explicitFileType = wrapper.cfbundle; includeInIndex = 0; path = WorldTrotterUITests.xctest; sourceTree = BUILT_PRODUCTS_DIR; };
		DAE91C4B1C4F635300345541 /* WorldTrotterUITests.swift */ = {isa = PBXFileReference; lastKnownFileType = sourcecode.swift; path = WorldTrotterUITests.swift; sourceTree = "<group>"; };
		DAE91C4D1C4F635300345541 /* Info.plist */ = {isa = PBXFileReference; lastKnownFileType = text.plist.xml; path = Info.plist; sourceTree = "<group>"; };
		DAE91C5D1C52056700345541 /* ConversionViewController.swift */ = {isa = PBXFileReference; fileEncoding = 4; lastKnownFileType = sourcecode.swift; path = ConversionViewController.swift; sourceTree = "<group>"; };
		DAE91C5F1C536B5A00345541 /* MapKit.framework */ = {isa = PBXFileReference; lastKnownFileType = wrapper.framework; name = MapKit.framework; path = System/Library/Frameworks/MapKit.framework; sourceTree = SDKROOT; };
		DAE91C611C53717200345541 /* MapViewController.swift */ = {isa = PBXFileReference; fileEncoding = 4; lastKnownFileType = sourcecode.swift; path = MapViewController.swift; sourceTree = "<group>"; };
/* End PBXFileReference section */

/* Begin PBXFrameworksBuildPhase section */
		DAE91C251C4F635300345541 /* Frameworks */ = {
			isa = PBXFrameworksBuildPhase;
			buildActionMask = 2147483647;
			files = (
				DAE91C601C536B5A00345541 /* MapKit.framework in Frameworks */,
			);
			runOnlyForDeploymentPostprocessing = 0;
		};
		DAE91C391C4F635300345541 /* Frameworks */ = {
			isa = PBXFrameworksBuildPhase;
			buildActionMask = 2147483647;
			files = (
			);
			runOnlyForDeploymentPostprocessing = 0;
		};
		DAE91C441C4F635300345541 /* Frameworks */ = {
			isa = PBXFrameworksBuildPhase;
			buildActionMask = 2147483647;
			files = (
			);
			runOnlyForDeploymentPostprocessing = 0;
		};
/* End PBXFrameworksBuildPhase section */

/* Begin PBXGroup section */
		DAE91C1F1C4F635300345541 = {
			isa = PBXGroup;
			children = (
				DAE91C5F1C536B5A00345541 /* MapKit.framework */,
				DAE91C2A1C4F635300345541 /* WorldTrotter */,
				DAE91C3F1C4F635300345541 /* WorldTrotterTests */,
				DAE91C4A1C4F635300345541 /* WorldTrotterUITests */,
				DAE91C291C4F635300345541 /* Products */,
			);
			sourceTree = "<group>";
		};
		DAE91C291C4F635300345541 /* Products */ = {
			isa = PBXGroup;
			children = (
				DAE91C281C4F635300345541 /* WorldTrotter.app */,
				DAE91C3C1C4F635300345541 /* WorldTrotterTests.xctest */,
				DAE91C471C4F635300345541 /* WorldTrotterUITests.xctest */,
			);
			name = Products;
			sourceTree = "<group>";
		};
		DAE91C2A1C4F635300345541 /* WorldTrotter */ = {
			isa = PBXGroup;
			children = (
				DAE91C5D1C52056700345541 /* ConversionViewController.swift */,
				DAE91C2B1C4F635300345541 /* AppDelegate.swift */,
				DAE91C2F1C4F635300345541 /* Main.storyboard */,
				DAD7AE471C5755E70037C91C /* WebViewController.swift */,
				DAE91C611C53717200345541 /* MapViewController.swift */,
				DAE91C321C4F635300345541 /* Assets.xcassets */,
				DAE91C341C4F635300345541 /* LaunchScreen.storyboard */,
				DA164F021C59FD0D00800F8C /* Localizable.strings */,
				DAE91C371C4F635300345541 /* Info.plist */,
			);
			path = WorldTrotter;
			sourceTree = "<group>";
		};
		DAE91C3F1C4F635300345541 /* WorldTrotterTests */ = {
			isa = PBXGroup;
			children = (
				DAE91C401C4F635300345541 /* WorldTrotterTests.swift */,
				DAE91C421C4F635300345541 /* Info.plist */,
			);
			path = WorldTrotterTests;
			sourceTree = "<group>";
		};
		DAE91C4A1C4F635300345541 /* WorldTrotterUITests */ = {
			isa = PBXGroup;
			children = (
				DAE91C4B1C4F635300345541 /* WorldTrotterUITests.swift */,
				DAE91C4D1C4F635300345541 /* Info.plist */,
			);
			path = WorldTrotterUITests;
			sourceTree = "<group>";
		};
/* End PBXGroup section */

/* Begin PBXNativeTarget section */
		DAE91C271C4F635300345541 /* WorldTrotter */ = {
			isa = PBXNativeTarget;
			buildConfigurationList = DAE91C501C4F635300345541 /* Build configuration list for PBXNativeTarget "WorldTrotter" */;
			buildPhases = (
				DAE91C241C4F635300345541 /* Sources */,
				DAE91C251C4F635300345541 /* Frameworks */,
				DAE91C261C4F635300345541 /* Resources */,
			);
			buildRules = (
			);
			dependencies = (
			);
			name = WorldTrotter;
			productName = WorldTrotter;
			productReference = DAE91C281C4F635300345541 /* WorldTrotter.app */;
			productType = "com.apple.product-type.application";
		};
		DAE91C3B1C4F635300345541 /* WorldTrotterTests */ = {
			isa = PBXNativeTarget;
			buildConfigurationList = DAE91C531C4F635300345541 /* Build configuration list for PBXNativeTarget "WorldTrotterTests" */;
			buildPhases = (
				DAE91C381C4F635300345541 /* Sources */,
				DAE91C391C4F635300345541 /* Frameworks */,
				DAE91C3A1C4F635300345541 /* Resources */,
			);
			buildRules = (
			);
			dependencies = (
				DAE91C3E1C4F635300345541 /* PBXTargetDependency */,
			);
			name = WorldTrotterTests;
			productName = WorldTrotterTests;
			productReference = DAE91C3C1C4F635300345541 /* WorldTrotterTests.xctest */;
			productType = "com.apple.product-type.bundle.unit-test";
		};
		DAE91C461C4F635300345541 /* WorldTrotterUITests */ = {
			isa = PBXNativeTarget;
			buildConfigurationList = DAE91C561C4F635300345541 /* Build configuration list for PBXNativeTarget "WorldTrotterUITests" */;
			buildPhases = (
				DAE91C431C4F635300345541 /* Sources */,
				DAE91C441C4F635300345541 /* Frameworks */,
				DAE91C451C4F635300345541 /* Resources */,
			);
			buildRules = (
			);
			dependencies = (
				DAE91C491C4F635300345541 /* PBXTargetDependency */,
			);
			name = WorldTrotterUITests;
			productName = WorldTrotterUITests;
			productReference = DAE91C471C4F635300345541 /* WorldTrotterUITests.xctest */;
			productType = "com.apple.product-type.bundle.ui-testing";
		};
/* End PBXNativeTarget section */

/* Begin PBXProject section */
		DAE91C201C4F635300345541 /* Project object */ = {
			isa = PBXProject;
			attributes = {
				LastSwiftUpdateCheck = 0720;
				LastUpgradeCheck = 0720;
				ORGANIZATIONNAME = "Cecilia  Villatoro";
				TargetAttributes = {
					DAE91C271C4F635300345541 = {
						CreatedOnToolsVersion = 7.2;
					};
					DAE91C3B1C4F635300345541 = {
						CreatedOnToolsVersion = 7.2;
						TestTargetID = DAE91C271C4F635300345541;
					};
					DAE91C461C4F635300345541 = {
						CreatedOnToolsVersion = 7.2;
						TestTargetID = DAE91C271C4F635300345541;
					};
				};
			};
			buildConfigurationList = DAE91C231C4F635300345541 /* Build configuration list for PBXProject "WorldTrotter" */;
			compatibilityVersion = "Xcode 3.2";
			developmentRegion = English;
			hasScannedForEncodings = 0;
			knownRegions = (
				en,
				Base,
				es,
				fr,
			);
			mainGroup = DAE91C1F1C4F635300345541;
			productRefGroup = DAE91C291C4F635300345541 /* Products */;
			projectDirPath = "";
			projectRoot = "";
			targets = (
				DAE91C271C4F635300345541 /* WorldTrotter */,
				DAE91C3B1C4F635300345541 /* WorldTrotterTests */,
				DAE91C461C4F635300345541 /* WorldTrotterUITests */,
			);
		};
/* End PBXProject section */

/* Begin PBXResourcesBuildPhase section */
		DAE91C261C4F635300345541 /* Resources */ = {
			isa = PBXResourcesBuildPhase;
			buildActionMask = 2147483647;
			files = (
				DAE91C361C4F635300345541 /* LaunchScreen.storyboard in Resources */,
				DA164F001C59FD0D00800F8C /* Localizable.strings in Resources */,
				DAE91C331C4F635300345541 /* Assets.xcassets in Resources */,
				DAE91C311C4F635300345541 /* Main.storyboard in Resources */,
			);
			runOnlyForDeploymentPostprocessing = 0;
		};
		DAE91C3A1C4F635300345541 /* Resources */ = {
			isa = PBXResourcesBuildPhase;
			buildActionMask = 2147483647;
			files = (
			);
			runOnlyForDeploymentPostprocessing = 0;
		};
		DAE91C451C4F635300345541 /* Resources */ = {
			isa = PBXResourcesBuildPhase;
			buildActionMask = 2147483647;
			files = (
			);
			runOnlyForDeploymentPostprocessing = 0;
		};
/* End PBXResourcesBuildPhase section */

/* Begin PBXSourcesBuildPhase section */
		DAE91C241C4F635300345541 /* Sources */ = {
			isa = PBXSourcesBuildPhase;
			buildActionMask = 2147483647;
			files = (
				DAE91C5E1C52056700345541 /* ConversionViewController.swift in Sources */,
				DAE91C621C53717200345541 /* MapViewController.swift in Sources */,
				DAE91C2C1C4F635300345541 /* AppDelegate.swift in Sources */,
				DAD7AE481C5755E70037C91C /* WebViewController.swift in Sources */,
			);
			runOnlyForDeploymentPostprocessing = 0;
		};
		DAE91C381C4F635300345541 /* Sources */ = {
			isa = PBXSourcesBuildPhase;
			buildActionMask = 2147483647;
			files = (
				DAE91C411C4F635300345541 /* WorldTrotterTests.swift in Sources */,
			);
			runOnlyForDeploymentPostprocessing = 0;
		};
		DAE91C431C4F635300345541 /* Sources */ = {
			isa = PBXSourcesBuildPhase;
			buildActionMask = 2147483647;
			files = (
				DAE91C4C1C4F635300345541 /* WorldTrotterUITests.swift in Sources */,
			);
			runOnlyForDeploymentPostprocessing = 0;
		};
/* End PBXSourcesBuildPhase section */

/* Begin PBXTargetDependency section */
		DAE91C3E1C4F635300345541 /* PBXTargetDependency */ = {
			isa = PBXTargetDependency;
			target = DAE91C271C4F635300345541 /* WorldTrotter */;
			targetProxy = DAE91C3D1C4F635300345541 /* PBXContainerItemProxy */;
		};
		DAE91C491C4F635300345541 /* PBXTargetDependency */ = {
			isa = PBXTargetDependency;
			target = DAE91C271C4F635300345541 /* WorldTrotter */;
			targetProxy = DAE91C481C4F635300345541 /* PBXContainerItemProxy */;
		};
/* End PBXTargetDependency section */

/* Begin PBXVariantGroup section */
		DA164F021C59FD0D00800F8C /* Localizable.strings */ = {
			isa = PBXVariantGroup;
			children = (
				DA164F011C59FD0D00800F8C /* Base */,
				DA164F031C59FD1200800F8C /* en */,
				DA164F041C59FD1300800F8C /* es */,
				DA164F061C59FE1100800F8C /* fr */,
			);
			name = Localizable.strings;
			sourceTree = "<group>";
		};
		DAE91C2F1C4F635300345541 /* Main.storyboard */ = {
			isa = PBXVariantGroup;
			children = (
				DAE91C301C4F635300345541 /* Base */,
				DAD7AE4A1C59F3FE0037C91C /* en */,
				DAD7AE4B1C59F4E10037C91C /* es */,
				DA164F051C59FE1100800F8C /* fr */,
			);
			name = Main.storyboard;
			sourceTree = "<group>";
		};
		DAE91C341C4F635300345541 /* LaunchScreen.storyboard */ = {
			isa = PBXVariantGroup;
			children = (
				DAE91C351C4F635300345541 /* Base */,
			);
			name = LaunchScreen.storyboard;
			sourceTree = "<group>";
		};
/* End PBXVariantGroup section */

/* Begin XCBuildConfiguration section */
		DAE91C4E1C4F635300345541 /* Debug */ = {
			isa = XCBuildConfiguration;
			buildSettings = {
				ALWAYS_SEARCH_USER_PATHS = NO;
				CLANG_CXX_LANGUAGE_STANDARD = "gnu++0x";
				CLANG_CXX_LIBRARY = "libc++";
				CLANG_ENABLE_MODULES = YES;
				CLANG_ENABLE_OBJC_ARC = YES;
				CLANG_WARN_BOOL_CONVERSION = YES;
				CLANG_WARN_CONSTANT_CONVERSION = YES;
				CLANG_WARN_DIRECT_OBJC_ISA_USAGE = YES_ERROR;
				CLANG_WARN_EMPTY_BODY = YES;
				CLANG_WARN_ENUM_CONVERSION = YES;
				CLANG_WARN_INT_CONVERSION = YES;
				CLANG_WARN_OBJC_ROOT_CLASS = YES_ERROR;
				CLANG_WARN_UNREACHABLE_CODE = YES;
				CLANG_WARN__DUPLICATE_METHOD_MATCH = YES;
				"CODE_SIGN_IDENTITY[sdk=iphoneos*]" = "iPhone Developer";
				COPY_PHASE_STRIP = NO;
				DEBUG_INFORMATION_FORMAT = dwarf;
				ENABLE_STRICT_OBJC_MSGSEND = YES;
				ENABLE_TESTABILITY = YES;
				GCC_C_LANGUAGE_STANDARD = gnu99;
				GCC_DYNAMIC_NO_PIC = NO;
				GCC_NO_COMMON_BLOCKS = YES;
				GCC_OPTIMIZATION_LEVEL = 0;
				GCC_PREPROCESSOR_DEFINITIONS = (
					"DEBUG=1",
					"$(inherited)",
				);
				GCC_WARN_64_TO_32_BIT_CONVERSION = YES;
				GCC_WARN_ABOUT_RETURN_TYPE = YES_ERROR;
				GCC_WARN_UNDECLARED_SELECTOR = YES;
				GCC_WARN_UNINITIALIZED_AUTOS = YES_AGGRESSIVE;
				GCC_WARN_UNUSED_FUNCTION = YES;
				GCC_WARN_UNUSED_VARIABLE = YES;
				IPHONEOS_DEPLOYMENT_TARGET = 9.2;
				MTL_ENABLE_DEBUG_INFO = YES;
				ONLY_ACTIVE_ARCH = YES;
				SDKROOT = iphoneos;
				SWIFT_OPTIMIZATION_LEVEL = "-Onone";
			};
			name = Debug;
		};
		DAE91C4F1C4F635300345541 /* Release */ = {
			isa = XCBuildConfiguration;
			buildSettings = {
				ALWAYS_SEARCH_USER_PATHS = NO;
				CLANG_CXX_LANGUAGE_STANDARD = "gnu++0x";
				CLANG_CXX_LIBRARY = "libc++";
				CLANG_ENABLE_MODULES = YES;
				CLANG_ENABLE_OBJC_ARC = YES;
				CLANG_WARN_BOOL_CONVERSION = YES;
				CLANG_WARN_CONSTANT_CONVERSION = YES;
				CLANG_WARN_DIRECT_OBJC_ISA_USAGE = YES_ERROR;
				CLANG_WARN_EMPTY_BODY = YES;
				CLANG_WARN_ENUM_CONVERSION = YES;
				CLANG_WARN_INT_CONVERSION = YES;
				CLANG_WARN_OBJC_ROOT_CLASS = YES_ERROR;
				CLANG_WARN_UNREACHABLE_CODE = YES;
				CLANG_WARN__DUPLICATE_METHOD_MATCH = YES;
				"CODE_SIGN_IDENTITY[sdk=iphoneos*]" = "iPhone Developer";
				COPY_PHASE_STRIP = NO;
				DEBUG_INFORMATION_FORMAT = "dwarf-with-dsym";
				ENABLE_NS_ASSERTIONS = NO;
				ENABLE_STRICT_OBJC_MSGSEND = YES;
				GCC_C_LANGUAGE_STANDARD = gnu99;
				GCC_NO_COMMON_BLOCKS = YES;
				GCC_WARN_64_TO_32_BIT_CONVERSION = YES;
				GCC_WARN_ABOUT_RETURN_TYPE = YES_ERROR;
				GCC_WARN_UNDECLARED_SELECTOR = YES;
				GCC_WARN_UNINITIALIZED_AUTOS = YES_AGGRESSIVE;
				GCC_WARN_UNUSED_FUNCTION = YES;
				GCC_WARN_UNUSED_VARIABLE = YES;
				IPHONEOS_DEPLOYMENT_TARGET = 9.2;
				MTL_ENABLE_DEBUG_INFO = NO;
				SDKROOT = iphoneos;
				VALIDATE_PRODUCT = YES;
			};
			name = Release;
		};
		DAE91C511C4F635300345541 /* Debug */ = {
			isa = XCBuildConfiguration;
			buildSettings = {
				ASSETCATALOG_COMPILER_APPICON_NAME = AppIcon;
				INFOPLIST_FILE = WorldTrotter/Info.plist;
				LD_RUNPATH_SEARCH_PATHS = "$(inherited) @executable_path/Frameworks";
				PRODUCT_BUNDLE_IDENTIFIER = com.bignerdranch.WorldTrotter;
				PRODUCT_NAME = "$(TARGET_NAME)";
			};
			name = Debug;
		};
		DAE91C521C4F635300345541 /* Release */ = {
			isa = XCBuildConfiguration;
			buildSettings = {
				ASSETCATALOG_COMPILER_APPICON_NAME = AppIcon;
				INFOPLIST_FILE = WorldTrotter/Info.plist;
				LD_RUNPATH_SEARCH_PATHS = "$(inherited) @executable_path/Frameworks";
				PRODUCT_BUNDLE_IDENTIFIER = com.bignerdranch.WorldTrotter;
				PRODUCT_NAME = "$(TARGET_NAME)";
			};
			name = Release;
		};
		DAE91C541C4F635300345541 /* Debug */ = {
			isa = XCBuildConfiguration;
			buildSettings = {
				BUNDLE_LOADER = "$(TEST_HOST)";
				INFOPLIST_FILE = WorldTrotterTests/Info.plist;
				LD_RUNPATH_SEARCH_PATHS = "$(inherited) @executable_path/Frameworks @loader_path/Frameworks";
				PRODUCT_BUNDLE_IDENTIFIER = com.bignerdranch.WorldTrotterTests;
				PRODUCT_NAME = "$(TARGET_NAME)";
				TEST_HOST = "$(BUILT_PRODUCTS_DIR)/WorldTrotter.app/WorldTrotter";
			};
			name = Debug;
		};
		DAE91C551C4F635300345541 /* Release */ = {
			isa = XCBuildConfiguration;
			buildSettings = {
				BUNDLE_LOADER = "$(TEST_HOST)";
				INFOPLIST_FILE = WorldTrotterTests/Info.plist;
				LD_RUNPATH_SEARCH_PATHS = "$(inherited) @executable_path/Frameworks @loader_path/Frameworks";
				PRODUCT_BUNDLE_IDENTIFIER = com.bignerdranch.WorldTrotterTests;
				PRODUCT_NAME = "$(TARGET_NAME)";
				TEST_HOST = "$(BUILT_PRODUCTS_DIR)/WorldTrotter.app/WorldTrotter";
			};
			name = Release;
		};
		DAE91C571C4F635300345541 /* Debug */ = {
			isa = XCBuildConfiguration;
			buildSettings = {
				INFOPLIST_FILE = WorldTrotterUITests/Info.plist;
				LD_RUNPATH_SEARCH_PATHS = "$(inherited) @executable_path/Frameworks @loader_path/Frameworks";
				PRODUCT_BUNDLE_IDENTIFIER = com.bignerdranch.WorldTrotterUITests;
				PRODUCT_NAME = "$(TARGET_NAME)";
				TEST_TARGET_NAME = WorldTrotter;
				USES_XCTRUNNER = YES;
			};
			name = Debug;
		};
		DAE91C581C4F635300345541 /* Release */ = {
			isa = XCBuildConfiguration;
			buildSettings = {
				INFOPLIST_FILE = WorldTrotterUITests/Info.plist;
				LD_RUNPATH_SEARCH_PATHS = "$(inherited) @executable_path/Frameworks @loader_path/Frameworks";
				PRODUCT_BUNDLE_IDENTIFIER = com.bignerdranch.WorldTrotterUITests;
				PRODUCT_NAME = "$(TARGET_NAME)";
				TEST_TARGET_NAME = WorldTrotter;
				USES_XCTRUNNER = YES;
			};
			name = Release;
		};
/* End XCBuildConfiguration section */

/* Begin XCConfigurationList section */
		DAE91C231C4F635300345541 /* Build configuration list for PBXProject "WorldTrotter" */ = {
			isa = XCConfigurationList;
			buildConfigurations = (
				DAE91C4E1C4F635300345541 /* Debug */,
				DAE91C4F1C4F635300345541 /* Release */,
			);
			defaultConfigurationIsVisible = 0;
			defaultConfigurationName = Release;
		};
		DAE91C501C4F635300345541 /* Build configuration list for PBXNativeTarget "WorldTrotter" */ = {
			isa = XCConfigurationList;
			buildConfigurations = (
				DAE91C511C4F635300345541 /* Debug */,
				DAE91C521C4F635300345541 /* Release */,
			);
			defaultConfigurationIsVisible = 0;
			defaultConfigurationName = Release;
		};
		DAE91C531C4F635300345541 /* Build configuration list for PBXNativeTarget "WorldTrotterTests" */ = {
			isa = XCConfigurationList;
			buildConfigurations = (
				DAE91C541C4F635300345541 /* Debug */,
				DAE91C551C4F635300345541 /* Release */,
			);
			defaultConfigurationIsVisible = 0;
			defaultConfigurationName = Release;
		};
		DAE91C561C4F635300345541 /* Build configuration list for PBXNativeTarget "WorldTrotterUITests" */ = {
			isa = XCConfigurationList;
			buildConfigurations = (
				DAE91C571C4F635300345541 /* Debug */,
				DAE91C581C4F635300345541 /* Release */,
			);
			defaultConfigurationIsVisible = 0;
			defaultConfigurationName = Release;
		};
/* End XCConfigurationList section */
	};
	rootObject = DAE91C201C4F635300345541 /* Project object */;
}
